
Microsoft Visual Studio Solution File, Format Version 12.00
# Visual Studio Version 16
VisualStudioVersion = 16.0.30204.135
MinimumVisualStudioVersion = 10.0.40219.1
Project("{9A19103F-16F7-4668-BE54-9A1E7A4F7556}") = "Continuity_Blazor_V2.CoreBusiness", "Continuity_Blazor_V2.CoreBusiness\Continuity_Blazor_V2.CoreBusiness.csproj", "{8D03DB1C-3074-47A9-BE19-E6FEBCB4ECD2}"
EndProject
Project("{9A19103F-16F7-4668-BE54-9A1E7A4F7556}") = "Continuity_Blazor_V2.UseCases", "Continuity_Blazor_V2.UseCases\Continuity_Blazor_V2.UseCases.csproj", "{3EC6187E-79BA-4774-AD5D-600373DB427A}"
EndProject
Project("{2150E333-8FDC-42A3-9474-1A3956D46DE8}") = "Plugins", "Plugins", "{67D6343E-762B-4AB4-8F8C-FC8A3EEC1D09}"
EndProject
Project("{9A19103F-16F7-4668-BE54-9A1E7A4F7556}") = "Continuity_Blazor_V2.DataStore.HardCoded", "Plugins\Continuity_Blazor_V2.DataStore\Continuity_Blazor_V2.DataStore.HardCoded.csproj", "{89474786-C4EA-4E94-BB5B-814EB3EA94C1}"
EndProject
Project("{2150E333-8FDC-42A3-9474-1A3956D46DE8}") = "Continuity_Blazor_V2.Web.Modules", "Continuity_Blazor_V2.Web.Modules", "{151B4C15-F0D5-4FEC-885E-58187E8C93EF}"
EndProject
Project("{9A19103F-16F7-4668-BE54-9A1E7A4F7556}") = "Continuity_Blazor_V2.Web.Common", "Continuity_Blazor_V2.Web.Modules\Continuity_Blazor_V2.Web.Common\Continuity_Blazor_V2.Web.Common.csproj", "{2D93444A-2756-4B96-98F1-156EB2AD77B6}"
EndProject
Project("{9A19103F-16F7-4668-BE54-9A1E7A4F7556}") = "Continuity_Blazor_V2.Web.AdminPortal", "Continuity_Blazor_V2.Web.Modules\Continuity_Blazor_V2.Web.AdminPortal\Continuity_Blazor_V2.Web.AdminPortal.csproj", "{036B6653-B00C-4A81-8A15-2F4E5870F862}"
EndProject
Project("{9A19103F-16F7-4668-BE54-9A1E7A4F7556}") = "Continuity_Blazor_V2.Web.UserPortal", "Continuity_Blazor_V2.Web.Modules\Continuity_Blazor_V2.Web.UserPortal\Continuity_Blazor_V2.Web.UserPortal.csproj", "{99CBE795-DC7D-4026-AF13-DF427F6ECCBB}"
EndProject
Project("{FAE04EC0-301F-11D3-BF4B-00C04F79EFBC}") = "Continuity_Blazor.Web", "Continuity_Blazor.Web\Continuity_Blazor.Web.csproj", "{2CEA631C-5724-4B17-97C7-B695D92F31D8}"
EndProject
Global
	GlobalSection(SolutionConfigurationPlatforms) = preSolution
		Debug|Any CPU = Debug|Any CPU
		Release|Any CPU = Release|Any CPU
	EndGlobalSection
	GlobalSection(ProjectConfigurationPlatforms) = postSolution
		{8D03DB1C-3074-47A9-BE19-E6FEBCB4ECD2}.Debug|Any CPU.ActiveCfg = Debug|Any CPU
		{8D03DB1C-3074-47A9-BE19-E6FEBCB4ECD2}.Debug|Any CPU.Build.0 = Debug|Any CPU
		{8D03DB1C-3074-47A9-BE19-E6FEBCB4ECD2}.Release|Any CPU.ActiveCfg = Release|Any CPU
		{8D03DB1C-3074-47A9-BE19-E6FEBCB4ECD2}.Release|Any CPU.Build.0 = Release|Any CPU
		{3EC6187E-79BA-4774-AD5D-600373DB427A}.Debug|Any CPU.ActiveCfg = Debug|Any CPU
		{3EC6187E-79BA-4774-AD5D-600373DB427A}.Debug|Any CPU.Build.0 = Debug|Any CPU
		{3EC6187E-79BA-4774-AD5D-600373DB427A}.Release|Any CPU.ActiveCfg = Release|Any CPU
		{3EC6187E-79BA-4774-AD5D-600373DB427A}.Release|Any CPU.Build.0 = Release|Any CPU
		{89474786-C4EA-4E94-BB5B-814EB3EA94C1}.Debug|Any CPU.ActiveCfg = Debug|Any CPU
		{89474786-C4EA-4E94-BB5B-814EB3EA94C1}.Debug|Any CPU.Build.0 = Debug|Any CPU
		{89474786-C4EA-4E94-BB5B-814EB3EA94C1}.Release|Any CPU.ActiveCfg = Release|Any CPU
		{89474786-C4EA-4E94-BB5B-814EB3EA94C1}.Release|Any CPU.Build.0 = Release|Any CPU
		{2D93444A-2756-4B96-98F1-156EB2AD77B6}.Debug|Any CPU.ActiveCfg = Debug|Any CPU
		{2D93444A-2756-4B96-98F1-156EB2AD77B6}.Debug|Any CPU.Build.0 = Debug|Any CPU
		{2D93444A-2756-4B96-98F1-156EB2AD77B6}.Release|Any CPU.ActiveCfg = Release|Any CPU
		{2D93444A-2756-4B96-98F1-156EB2AD77B6}.Release|Any CPU.Build.0 = Release|Any CPU
		{036B6653-B00C-4A81-8A15-2F4E5870F862}.Debug|Any CPU.ActiveCfg = Debug|Any CPU
		{036B6653-B00C-4A81-8A15-2F4E5870F862}.Debug|Any CPU.Build.0 = Debug|Any CPU
		{036B6653-B00C-4A81-8A15-2F4E5870F862}.Release|Any CPU.ActiveCfg = Release|Any CPU
		{036B6653-B00C-4A81-8A15-2F4E5870F862}.Release|Any CPU.Build.0 = Release|Any CPU
		{99CBE795-DC7D-4026-AF13-DF427F6ECCBB}.Debug|Any CPU.ActiveCfg = Debug|Any CPU
		{99CBE795-DC7D-4026-AF13-DF427F6ECCBB}.Debug|Any CPU.Build.0 = Debug|Any CPU
		{99CBE795-DC7D-4026-AF13-DF427F6ECCBB}.Release|Any CPU.ActiveCfg = Release|Any CPU
		{99CBE795-DC7D-4026-AF13-DF427F6ECCBB}.Release|Any CPU.Build.0 = Release|Any CPU
		{2CEA631C-5724-4B17-97C7-B695D92F31D8}.Debug|Any CPU.ActiveCfg = Debug|Any CPU
		{2CEA631C-5724-4B17-97C7-B695D92F31D8}.Debug|Any CPU.Build.0 = Debug|Any CPU
		{2CEA631C-5724-4B17-97C7-B695D92F31D8}.Release|Any CPU.ActiveCfg = Release|Any CPU
		{2CEA631C-5724-4B17-97C7-B695D92F31D8}.Release|Any CPU.Build.0 = Release|Any CPU
	EndGlobalSection
	GlobalSection(SolutionProperties) = preSolution
		HideSolutionNode = FALSE
	EndGlobalSection
	GlobalSection(NestedProjects) = preSolution
		{89474786-C4EA-4E94-BB5B-814EB3EA94C1} = {67D6343E-762B-4AB4-8F8C-FC8A3EEC1D09}
		{2D93444A-2756-4B96-98F1-156EB2AD77B6} = {151B4C15-F0D5-4FEC-885E-58187E8C93EF}
		{036B6653-B00C-4A81-8A15-2F4E5870F862} = {151B4C15-F0D5-4FEC-885E-58187E8C93EF}
		{99CBE795-DC7D-4026-AF13-DF427F6ECCBB} = {151B4C15-F0D5-4FEC-885E-58187E8C93EF}
	EndGlobalSection
	GlobalSection(ExtensibilityGlobals) = postSolution
		SolutionGuid = {A54521F7-AD6D-42D3-9814-CBFE8E5E436B}
	EndGlobalSection
EndGlobal
